
Microsoft Visual Studio Solution File, Format Version 12.00
# Visual Studio Version 16
VisualStudioVersion = 16.0.30907.101
MinimumVisualStudioVersion = 10.0.40219.1
Project("{9A19103F-16F7-4668-BE54-9A1E7A4F7556}") = "HighSchool.DataAccessLayer", "HighSchool.DataAccessLayer\HighSchool.DataAccessLayer.csproj", "{E63B4588-E625-4716-96EB-F660E56D8BF4}"
EndProject
Project("{9A19103F-16F7-4668-BE54-9A1E7A4F7556}") = "HighSchool.ConsoleUI", "HighSchool.ConsoleUI\HighSchool.ConsoleUI.csproj", "{5ACA6CE8-9F6A-4FAB-8996-729D14240200}"
EndProject
Project("{FAE04EC0-301F-11D3-BF4B-00C04F79EFBC}") = "HighSchool.DataAccessLayerADO", "HighSchool.DataAccessLayerADO\HighSchool.DataAccessLayerADO.csproj", "{EFBB71A2-12B2-4A9E-B78F-B1BDE37505D8}"
EndProject
Project("{FAE04EC0-301F-11D3-BF4B-00C04F79EFBC}") = "QuickKartConsole", "QuickKartConsole\QuickKartConsole.csproj", "{022A502F-E1B3-4AF0-8A3F-734E5DF85085}"
EndProject
Project("{2150E333-8FDC-42A3-9474-1A3956D46DE8}") = "Files", "Files", "{0796D767-0F85-4809-B065-A792D27EB899}"
	ProjectSection(SolutionItems) = preProject
		Files\Scaffold command.txt = Files\Scaffold command.txt
	EndProjectSection
EndProject
Project("{2150E333-8FDC-42A3-9474-1A3956D46DE8}") = "HighSchoolDBSQLScripts", "HighSchoolDBSQLScripts", "{3311D13D-8BED-4669-8791-C4A6FCDC71F8}"
	ProjectSection(SolutionItems) = preProject
		HighSchoolDBSQLScripts\HighSchoolDBSQLScripts.sql = HighSchoolDBSQLScripts\HighSchoolDBSQLScripts.sql
		HighSchoolDBSQLScripts\HighSchoolDBSQLScriptsMS.sql = HighSchoolDBSQLScripts\HighSchoolDBSQLScriptsMS.sql
	EndProjectSection
EndProject
Project("{FAE04EC0-301F-11D3-BF4B-00C04F79EFBC}") = "HighSchool.Services", "HighSchool.Services\HighSchool.Services.csproj", "{7DC0B417-1C86-4FC4-9CF2-6D78A39770BD}"
EndProject
Global
	GlobalSection(SolutionConfigurationPlatforms) = preSolution
		Debug|Any CPU = Debug|Any CPU
		Release|Any CPU = Release|Any CPU
	EndGlobalSection
	GlobalSection(ProjectConfigurationPlatforms) = postSolution
		{E63B4588-E625-4716-96EB-F660E56D8BF4}.Debug|Any CPU.ActiveCfg = Debug|Any CPU
		{E63B4588-E625-4716-96EB-F660E56D8BF4}.Debug|Any CPU.Build.0 = Debug|Any CPU
		{E63B4588-E625-4716-96EB-F660E56D8BF4}.Release|Any CPU.ActiveCfg = Release|Any CPU
		{E63B4588-E625-4716-96EB-F660E56D8BF4}.Release|Any CPU.Build.0 = Release|Any CPU
		{5ACA6CE8-9F6A-4FAB-8996-729D14240200}.Debug|Any CPU.ActiveCfg = Debug|Any CPU
		{5ACA6CE8-9F6A-4FAB-8996-729D14240200}.Debug|Any CPU.Build.0 = Debug|Any CPU
		{5ACA6CE8-9F6A-4FAB-8996-729D14240200}.Release|Any CPU.ActiveCfg = Release|Any CPU
		{5ACA6CE8-9F6A-4FAB-8996-729D14240200}.Release|Any CPU.Build.0 = Release|Any CPU
		{EFBB71A2-12B2-4A9E-B78F-B1BDE37505D8}.Debug|Any CPU.ActiveCfg = Debug|Any CPU
		{EFBB71A2-12B2-4A9E-B78F-B1BDE37505D8}.Debug|Any CPU.Build.0 = Debug|Any CPU
		{EFBB71A2-12B2-4A9E-B78F-B1BDE37505D8}.Release|Any CPU.ActiveCfg = Release|Any CPU
		{EFBB71A2-12B2-4A9E-B78F-B1BDE37505D8}.Release|Any CPU.Build.0 = Release|Any CPU
		{022A502F-E1B3-4AF0-8A3F-734E5DF85085}.Debug|Any CPU.ActiveCfg = Debug|Any CPU
		{022A502F-E1B3-4AF0-8A3F-734E5DF85085}.Debug|Any CPU.Build.0 = Debug|Any CPU
		{022A502F-E1B3-4AF0-8A3F-734E5DF85085}.Release|Any CPU.ActiveCfg = Release|Any CPU
		{022A502F-E1B3-4AF0-8A3F-734E5DF85085}.Release|Any CPU.Build.0 = Release|Any CPU
		{7DC0B417-1C86-4FC4-9CF2-6D78A39770BD}.Debug|Any CPU.ActiveCfg = Debug|Any CPU
		{7DC0B417-1C86-4FC4-9CF2-6D78A39770BD}.Debug|Any CPU.Build.0 = Debug|Any CPU
		{7DC0B417-1C86-4FC4-9CF2-6D78A39770BD}.Release|Any CPU.ActiveCfg = Release|Any CPU
		{7DC0B417-1C86-4FC4-9CF2-6D78A39770BD}.Release|Any CPU.Build.0 = Release|Any CPU
	EndGlobalSection
	GlobalSection(SolutionProperties) = preSolution
		HideSolutionNode = FALSE
	EndGlobalSection
	GlobalSection(ExtensibilityGlobals) = postSolution
		SolutionGuid = {8F3F010C-EE36-4302-B46B-C349B210992B}
	EndGlobalSection
EndGlobal
